
Microsoft Visual Studio Solution File, Format Version 12.00
# Visual Studio 15
VisualStudioVersion = 15.0.28307.572
MinimumVisualStudioVersion = 10.0.40219.1
Project("{FAE04EC0-301F-11D3-BF4B-00C04F79EFBC}") = "Profile of Joe", "Profile of Joe\Profile of Joe.csproj", "{90E70F1C-F81A-425F-9877-CD80C16654A4}"
EndProject
Global
	GlobalSection(SolutionConfigurationPlatforms) = preSolution
		Debug|Any CPU = Debug|Any CPU
		Release|Any CPU = Release|Any CPU
	EndGlobalSection
	GlobalSection(ProjectConfigurationPlatforms) = postSolution
		{90E70F1C-F81A-425F-9877-CD80C16654A4}.Debug|Any CPU.ActiveCfg = Debug|Any CPU
		{90E70F1C-F81A-425F-9877-CD80C16654A4}.Debug|Any CPU.Build.0 = Debug|Any CPU
		{90E70F1C-F81A-425F-9877-CD80C16654A4}.Release|Any CPU.ActiveCfg = Release|Any CPU
		{90E70F1C-F81A-425F-9877-CD80C16654A4}.Release|Any CPU.Build.0 = Release|Any CPU
	EndGlobalSection
	GlobalSection(SolutionProperties) = preSolution
		HideSolutionNode = FALSE
	EndGlobalSection
	GlobalSection(ExtensibilityGlobals) = postSolution
		SolutionGuid = {C0DF69B1-11CF-4A31-AAC6-05F6568A456A}
	EndGlobalSection
EndGlobal
